// !$*UTF8*$!
{
	archiveVersion = 1;
	classes = {
	};
	objectVersion = 55;
	objects = {

/* Begin PBXBuildFile section */
		4039440E2746566800CA7897 /* SwiftUI_CustomSegmentedPickerApp.swift in Sources */ = {isa = PBXBuildFile; fileRef = 4039440D2746566800CA7897 /* SwiftUI_CustomSegmentedPickerApp.swift */; };
		403944102746566800CA7897 /* ContentView.swift in Sources */ = {isa = PBXBuildFile; fileRef = 4039440F2746566800CA7897 /* ContentView.swift */; };
		403944152746566900CA7897 /* Preview Assets.xcassets in Resources */ = {isa = PBXBuildFile; fileRef = 403944142746566900CA7897 /* Preview Assets.xcassets */; };
		4039441E2746575500CA7897 /* Home.swift in Sources */ = {isa = PBXBuildFile; fileRef = 4039441D2746575500CA7897 /* Home.swift */; };
		403944202746582600CA7897 /* Assets.xcassets in Resources */ = {isa = PBXBuildFile; fileRef = 4039441F2746582600CA7897 /* Assets.xcassets */; };
		40509263274664BD00B28D51 /* CustomShape.swift in Sources */ = {isa = PBXBuildFile; fileRef = 40509262274664BD00B28D51 /* CustomShape.swift */; };
		40A4FA9B27479B130050C861 /* Week.swift in Sources */ = {isa = PBXBuildFile; fileRef = 40A4FA9A27479B130050C861 /* Week.swift */; };
/* End PBXBuildFile section */

/* Begin PBXFileReference section */
		4039440A2746566800CA7897 /* SwiftUI_CustomSegmentedPicker.app */ = {isa = PBXFileReference; explicitFileType = wrapper.application; includeInIndex = 0; path = SwiftUI_CustomSegmentedPicker.app; sourceTree = BUILT_PRODUCTS_DIR; };
		4039440D2746566800CA7897 /* SwiftUI_CustomSegmentedPickerApp.swift */ = {isa = PBXFileReference; lastKnownFileType = sourcecode.swift; path = SwiftUI_CustomSegmentedPickerApp.swift; sourceTree = "<group>"; };
		4039440F2746566800CA7897 /* ContentView.swift */ = {isa = PBXFileReference; lastKnownFileType = sourcecode.swift; path = ContentView.swift; sourceTree = "<group>"; };
		403944142746566900CA7897 /* Preview Assets.xcassets */ = {isa = PBXFileReference; lastKnownFileType = folder.assetcatalog; path = "Preview Assets.xcassets"; sourceTree = "<group>"; };
		4039441D2746575500CA7897 /* Home.swift */ = {isa = PBXFileReference; lastKnownFileType = sourcecode.swift; path = Home.swift; sourceTree = "<group>"; };
		4039441F2746582600CA7897 /* Assets.xcassets */ = {isa = PBXFileReference; lastKnownFileType = folder.assetcatalog; path = Assets.xcassets; sourceTree = "<group>"; };
		40509262274664BD00B28D51 /* CustomShape.swift */ = {isa = PBXFileReference; lastKnownFileType = sourcecode.swift; path = CustomShape.swift; sourceTree = "<group>"; };
		40A4FA9A27479B130050C861 /* Week.swift */ = {isa = PBXFileReference; lastKnownFileType = sourcecode.swift; path = Week.swift; sourceTree = "<group>"; };
/* End PBXFileReference section */

/* Begin PBXFrameworksBuildPhase section */
		403944072746566800CA7897 /* Frameworks */ = {
			isa = PBXFrameworksBuildPhase;
			buildActionMask = 2147483647;
			files = (
			);
			runOnlyForDeploymentPostprocessing = 0;
		};
/* End PBXFrameworksBuildPhase section */

/* Begin PBXGroup section */
		403944012746566700CA7897 = {
			isa = PBXGroup;
			children = (
				4039440C2746566800CA7897 /* SwiftUI_CustomSegmentedPicker */,
				4039440B2746566800CA7897 /* Products */,
			);
			sourceTree = "<group>";
		};
		4039440B2746566800CA7897 /* Products */ = {
			isa = PBXGroup;
			children = (
				4039440A2746566800CA7897 /* SwiftUI_CustomSegmentedPicker.app */,
			);
			name = Products;
			sourceTree = "<group>";
		};
		4039440C2746566800CA7897 /* SwiftUI_CustomSegmentedPicker */ = {
			isa = PBXGroup;
			children = (
				4039441C2746574600CA7897 /* Model */,
				4039441B2746573E00CA7897 /* View */,
				4039440D2746566800CA7897 /* SwiftUI_CustomSegmentedPickerApp.swift */,
				4039441F2746582600CA7897 /* Assets.xcassets */,
				4039440F2746566800CA7897 /* ContentView.swift */,
				403944132746566900CA7897 /* Preview Content */,
			);
			path = SwiftUI_CustomSegmentedPicker;
			sourceTree = "<group>";
		};
		403944132746566900CA7897 /* Preview Content */ = {
			isa = PBXGroup;
			children = (
				403944142746566900CA7897 /* Preview Assets.xcassets */,
			);
			path = "Preview Content";
			sourceTree = "<group>";
		};
		4039441B2746573E00CA7897 /* View */ = {
			isa = PBXGroup;
			children = (
				4039441D2746575500CA7897 /* Home.swift */,
				40509262274664BD00B28D51 /* CustomShape.swift */,
			);
			path = View;
			sourceTree = "<group>";
		};
		4039441C2746574600CA7897 /* Model */ = {
			isa = PBXGroup;
			children = (
				40A4FA9A27479B130050C861 /* Week.swift */,
			);
			path = Model;
			sourceTree = "<group>";
		};
/* End PBXGroup section */

/* Begin PBXNativeTarget section */
		403944092746566800CA7897 /* SwiftUI_CustomSegmentedPicker */ = {
			isa = PBXNativeTarget;
			buildConfigurationList = 403944182746566900CA7897 /* Build configuration list for PBXNativeTarget "SwiftUI_CustomSegmentedPicker" */;
			buildPhases = (
				403944062746566800CA7897 /* Sources */,
				403944072746566800CA7897 /* Frameworks */,
				403944082746566800CA7897 /* Resources */,
			);
			buildRules = (
			);
			dependencies = (
			);
			name = SwiftUI_CustomSegmentedPicker;
			productName = SwiftUI_CustomSegmentedPicker;
			productReference = 4039440A2746566800CA7897 /* SwiftUI_CustomSegmentedPicker.app */;
			productType = "com.apple.product-type.application";
		};
/* End PBXNativeTarget section */

/* Begin PBXProject section */
		403944022746566700CA7897 /* Project object */ = {
			isa = PBXProject;
			attributes = {
				BuildIndependentTargetsInParallel = 1;
				LastSwiftUpdateCheck = 1310;
				LastUpgradeCheck = 1310;
				TargetAttributes = {
					403944092746566800CA7897 = {
						CreatedOnToolsVersion = 13.1;
					};
				};
			};
			buildConfigurationList = 403944052746566700CA7897 /* Build configuration list for PBXProject "SwiftUI_CustomSegmentedPicker" */;
			compatibilityVersion = "Xcode 13.0";
			developmentRegion = en;
			hasScannedForEncodings = 0;
			knownRegions = (
				en,
				Base,
			);
			mainGroup = 403944012746566700CA7897;
			productRefGroup = 4039440B2746566800CA7897 /* Products */;
			projectDirPath = "";
			projectRoot = "";
			targets = (
				403944092746566800CA7897 /* SwiftUI_CustomSegmentedPicker */,
			);
		};
/* End PBXProject section */

/* Begin PBXResourcesBuildPhase section */
		403944082746566800CA7897 /* Resources */ = {
			isa = PBXResourcesBuildPhase;
			buildActionMask = 2147483647;
			files = (
				403944202746582600CA7897 /* Assets.xcassets in Resources */,
				403944152746566900CA7897 /* Preview Assets.xcassets in Resources */,
			);
			runOnlyForDeploymentPostprocessing = 0;
		};
/* End PBXResourcesBuildPhase section */

/* Begin PBXSourcesBuildPhase section */
		403944062746566800CA7897 /* Sources */ = {
			isa = PBXSourcesBuildPhase;
			buildActionMask = 2147483647;
			files = (
				40509263274664BD00B28D51 /* CustomShape.swift in Sources */,
				403944102746566800CA7897 /* ContentView.swift in Sources */,
				40A4FA9B27479B130050C861 /* Week.swift in Sources */,
				4039441E2746575500CA7897 /* Home.swift in Sources */,
				4039440E2746566800CA7897 /* SwiftUI_CustomSegmentedPickerApp.swift in Sources */,
			);
			runOnlyForDeploymentPostprocessing = 0;
		};
/* End PBXSourcesBuildPhase section */

/* Begin XCBuildConfiguration section */
		403944162746566900CA7897 /* Debug */ = {
			isa = XCBuildConfiguration;
			buildSettings = {
				ALWAYS_SEARCH_USER_PATHS = NO;
				CLANG_ANALYZER_NONNULL = YES;
				CLANG_ANALYZER_NUMBER_OBJECT_CONVERSION = YES_AGGRESSIVE;
				CLANG_CXX_LANGUAGE_STANDARD = "gnu++17";
				CLANG_CXX_LIBRARY = "libc++";
				CLANG_ENABLE_MODULES = YES;
				CLANG_ENABLE_OBJC_ARC = YES;
				CLANG_ENABLE_OBJC_WEAK = YES;
				CLANG_WARN_BLOCK_CAPTURE_AUTORELEASING = YES;
				CLANG_WARN_BOOL_CONVERSION = YES;
				CLANG_WARN_COMMA = YES;
				CLANG_WARN_CONSTANT_CONVERSION = YES;
				CLANG_WARN_DEPRECATED_OBJC_IMPLEMENTATIONS = YES;
				CLANG_WARN_DIRECT_OBJC_ISA_USAGE = YES_ERROR;
				CLANG_WARN_DOCUMENTATION_COMMENTS = YES;
				CLANG_WARN_EMPTY_BODY = YES;
				CLANG_WARN_ENUM_CONVERSION = YES;
				CLANG_WARN_INFINITE_RECURSION = YES;
				CLANG_WARN_INT_CONVERSION = YES;
				CLANG_WARN_NON_LITERAL_NULL_CONVERSION = YES;
				CLANG_WARN_OBJC_IMPLICIT_RETAIN_SELF = YES;
				CLANG_WARN_OBJC_LITERAL_CONVERSION = YES;
				CLANG_WARN_OBJC_ROOT_CLASS = YES_ERROR;
				CLANG_WARN_QUOTED_INCLUDE_IN_FRAMEWORK_HEADER = YES;
				CLANG_WARN_RANGE_LOOP_ANALYSIS = YES;
				CLANG_WARN_STRICT_PROTOTYPES = YES;
				CLANG_WARN_SUSPICIOUS_MOVE = YES;
				CLANG_WARN_UNGUARDED_AVAILABILITY = YES_AGGRESSIVE;
				CLANG_WARN_UNREACHABLE_CODE = YES;
				CLANG_WARN__DUPLICATE_METHOD_MATCH = YES;
				COPY_PHASE_STRIP = NO;
				DEBUG_INFORMATION_FORMAT = dwarf;
				ENABLE_STRICT_OBJC_MSGSEND = YES;
				ENABLE_TESTABILITY = YES;
				GCC_C_LANGUAGE_STANDARD = gnu11;
				GCC_DYNAMIC_NO_PIC = NO;
				GCC_NO_COMMON_BLOCKS = YES;
				GCC_OPTIMIZATION_LEVEL = 0;
				GCC_PREPROCESSOR_DEFINITIONS = (
					"DEBUG=1",
					"$(inherited)",
				);
				GCC_WARN_64_TO_32_BIT_CONVERSION = YES;
				GCC_WARN_ABOUT_RETURN_TYPE = YES_ERROR;
				GCC_WARN_UNDECLARED_SELECTOR = YES;
				GCC_WARN_UNINITIALIZED_AUTOS = YES_AGGRESSIVE;
				GCC_WARN_UNUSED_FUNCTION = YES;
				GCC_WARN_UNUSED_VARIABLE = YES;
				IPHONEOS_DEPLOYMENT_TARGET = 15.0;
				MTL_ENABLE_DEBUG_INFO = INCLUDE_SOURCE;
				MTL_FAST_MATH = YES;
				ONLY_ACTIVE_ARCH = YES;
				SDKROOT = iphoneos;
				SWIFT_ACTIVE_COMPILATION_CONDITIONS = DEBUG;
				SWIFT_OPTIMIZATION_LEVEL = "-Onone";
			};
			name = Debug;
		};
		403944172746566900CA7897 /* Release */ = {
			isa = XCBuildConfiguration;
			buildSettings = {
				ALWAYS_SEARCH_USER_PATHS = NO;
				CLANG_ANALYZER_NONNULL = YES;
				CLANG_ANALYZER_NUMBER_OBJECT_CONVERSION = YES_AGGRESSIVE;
				CLANG_CXX_LANGUAGE_STANDARD = "gnu++17";
				CLANG_CXX_LIBRARY = "libc++";
				CLANG_ENABLE_MODULES = YES;
				CLANG_ENABLE_OBJC_ARC = YES;
				CLANG_ENABLE_OBJC_WEAK = YES;
				CLANG_WARN_BLOCK_CAPTURE_AUTORELEASING = YES;
				CLANG_WARN_BOOL_CONVERSION = YES;
				CLANG_WARN_COMMA = YES;
				CLANG_WARN_CONSTANT_CONVERSION = YES;
				CLANG_WARN_DEPRECATED_OBJC_IMPLEMENTATIONS = YES;
				CLANG_WARN_DIRECT_OBJC_ISA_USAGE = YES_ERROR;
				CLANG_WARN_DOCUMENTATION_COMMENTS = YES;
				CLANG_WARN_EMPTY_BODY = YES;
				CLANG_WARN_ENUM_CONVERSION = YES;
				CLANG_WARN_INFINITE_RECURSION = YES;
				CLANG_WARN_INT_CONVERSION = YES;
				CLANG_WARN_NON_LITERAL_NULL_CONVERSION = YES;
				CLANG_WARN_OBJC_IMPLICIT_RETAIN_SELF = YES;
				CLANG_WARN_OBJC_LITERAL_CONVERSION = YES;
				CLANG_WARN_OBJC_ROOT_CLASS = YES_ERROR;
				CLANG_WARN_QUOTED_INCLUDE_IN_FRAMEWORK_HEADER = YES;
				CLANG_WARN_RANGE_LOOP_ANALYSIS = YES;
				CLANG_WARN_STRICT_PROTOTYPES = YES;
				CLANG_WARN_SUSPICIOUS_MOVE = YES;
				CLANG_WARN_UNGUARDED_AVAILABILITY = YES_AGGRESSIVE;
				CLANG_WARN_UNREACHABLE_CODE = YES;
				CLANG_WARN__DUPLICATE_METHOD_MATCH = YES;
				COPY_PHASE_STRIP = NO;
				DEBUG_INFORMATION_FORMAT = "dwarf-with-dsym";
				ENABLE_NS_ASSERTIONS = NO;
				ENABLE_STRICT_OBJC_MSGSEND = YES;
				GCC_C_LANGUAGE_STANDARD = gnu11;
				GCC_NO_COMMON_BLOCKS = YES;
				GCC_WARN_64_TO_32_BIT_CONVERSION = YES;
				GCC_WARN_ABOUT_RETURN_TYPE = YES_ERROR;
				GCC_WARN_UNDECLARED_SELECTOR = YES;
				GCC_WARN_UNINITIALIZED_AUTOS = YES_AGGRESSIVE;
				GCC_WARN_UNUSED_FUNCTION = YES;
				GCC_WARN_UNUSED_VARIABLE = YES;
				IPHONEOS_DEPLOYMENT_TARGET = 15.0;
				MTL_ENABLE_DEBUG_INFO = NO;
				MTL_FAST_MATH = YES;
				SDKROOT = iphoneos;
				SWIFT_COMPILATION_MODE = wholemodule;
				SWIFT_OPTIMIZATION_LEVEL = "-O";
				VALIDATE_PRODUCT = YES;
			};
			name = Release;
		};
		403944192746566900CA7897 /* Debug */ = {
			isa = XCBuildConfiguration;
			buildSettings = {
				ASSETCATALOG_COMPILER_APPICON_NAME = AppIcon;
				ASSETCATALOG_COMPILER_GLOBAL_ACCENT_COLOR_NAME = AccentColor;
				CODE_SIGN_STYLE = Automatic;
				CURRENT_PROJECT_VERSION = 1;
				DEVELOPMENT_ASSET_PATHS = "\"SwiftUI_CustomSegmentedPicker/Preview Content\"";
				DEVELOPMENT_TEAM = 82KTHK2F8A;
				ENABLE_PREVIEWS = YES;
				GENERATE_INFOPLIST_FILE = YES;
				INFOPLIST_KEY_UIApplicationSceneManifest_Generation = YES;
				INFOPLIST_KEY_UIApplicationSupportsIndirectInputEvents = YES;
				INFOPLIST_KEY_UILaunchScreen_Generation = YES;
				INFOPLIST_KEY_UISupportedInterfaceOrientations_iPad = "UIInterfaceOrientationPortrait UIInterfaceOrientationPortraitUpsideDown UIInterfaceOrientationLandscapeLeft UIInterfaceOrientationLandscapeRight";
				INFOPLIST_KEY_UISupportedInterfaceOrientations_iPhone = "UIInterfaceOrientationPortrait UIInterfaceOrientationLandscapeLeft UIInterfaceOrientationLandscapeRight";
				LD_RUNPATH_SEARCH_PATHS = (
					"$(inherited)",
					"@executable_path/Frameworks",
				);
				MARKETING_VERSION = 1.0;
				PRODUCT_BUNDLE_IDENTIFIER = "com.boardguy1024.SwiftUI-CustomSegmentedPicker";
				PRODUCT_NAME = "$(TARGET_NAME)";
				SWIFT_EMIT_LOC_STRINGS = YES;
				SWIFT_VERSION = 5.0;
				TARGETED_DEVICE_FAMILY = "1,2";
			};
			name = Debug;
		};
		4039441A2746566900CA7897 /* Release */ = {
			isa = XCBuildConfiguration;
			buildSettings = {
				ASSETCATALOG_COMPILER_APPICON_NAME = AppIcon;
				ASSETCATALOG_COMPILER_GLOBAL_ACCENT_COLOR_NAME = AccentColor;
				CODE_SIGN_STYLE = Automatic;
				CURRENT_PROJECT_VERSION = 1;
				DEVELOPMENT_ASSET_PATHS = "\"SwiftUI_CustomSegmentedPicker/Preview Content\"";
				DEVELOPMENT_TEAM = 82KTHK2F8A;
				ENABLE_PREVIEWS = YES;
				GENERATE_INFOPLIST_FILE = YES;
				INFOPLIST_KEY_UIApplicationSceneManifest_Generation = YES;
				INFOPLIST_KEY_UIApplicationSupportsIndirectInputEvents = YES;
				INFOPLIST_KEY_UILaunchScreen_Generation = YES;
				INFOPLIST_KEY_UISupportedInterfaceOrientations_iPad = "UIInterfaceOrientationPortrait UIInterfaceOrientationPortraitUpsideDown UIInterfaceOrientationLandscapeLeft UIInterfaceOrientationLandscapeRight";
				INFOPLIST_KEY_UISupportedInterfaceOrientations_iPhone = "UIInterfaceOrientationPortrait UIInterfaceOrientationLandscapeLeft UIInterfaceOrientationLandscapeRight";
				LD_RUNPATH_SEARCH_PATHS = (
					"$(inherited)",
					"@executable_path/Frameworks",
				);
				MARKETING_VERSION = 1.0;
				PRODUCT_BUNDLE_IDENTIFIER = "com.boardguy1024.SwiftUI-CustomSegmentedPicker";
				PRODUCT_NAME = "$(TARGET_NAME)";
				SWIFT_EMIT_LOC_STRINGS = YES;
				SWIFT_VERSION = 5.0;
				TARGETED_DEVICE_FAMILY = "1,2";
			};
			name = Release;
		};
/* End XCBuildConfiguration section */

/* Begin XCConfigurationList section */
		403944052746566700CA7897 /* Build configuration list for PBXProject "SwiftUI_CustomSegmentedPicker" */ = {
			isa = XCConfigurationList;
			buildConfigurations = (
				403944162746566900CA7897 /* Debug */,
				403944172746566900CA7897 /* Release */,
			);
			defaultConfigurationIsVisible = 0;
			defaultConfigurationName = Release;
		};
		403944182746566900CA7897 /* Build configuration list for PBXNativeTarget "SwiftUI_CustomSegmentedPicker" */ = {
			isa = XCConfigurationList;
			buildConfigurations = (
				403944192746566900CA7897 /* Debug */,
				4039441A2746566900CA7897 /* Release */,
			);
			defaultConfigurationIsVisible = 0;
			defaultConfigurationName = Release;
		};
/* End XCConfigurationList section */
	};
	rootObject = 403944022746566700CA7897 /* Project object */;
}
